// !$*UTF8*$!
{
	archiveVersion = 1;
	classes = {
	};
	objectVersion = 50;
	objects = {

/* Begin PBXBuildFile section */
		81E0BD5E251E4C3B00543306 /* AppDelegate.swift in Sources */ = {isa = PBXBuildFile; fileRef = 81E0BD5D251E4C3B00543306 /* AppDelegate.swift */; };
		81E0BD60251E4C3B00543306 /* SceneDelegate.swift in Sources */ = {isa = PBXBuildFile; fileRef = 81E0BD5F251E4C3B00543306 /* SceneDelegate.swift */; };
		81E0BD62251E4C3B00543306 /* ViewController.swift in Sources */ = {isa = PBXBuildFile; fileRef = 81E0BD61251E4C3B00543306 /* ViewController.swift */; };
		81E0BD65251E4C3B00543306 /* Main.storyboard in Resources */ = {isa = PBXBuildFile; fileRef = 81E0BD63251E4C3B00543306 /* Main.storyboard */; };
		81E0BD67251E4C3D00543306 /* Assets.xcassets in Resources */ = {isa = PBXBuildFile; fileRef = 81E0BD66251E4C3D00543306 /* Assets.xcassets */; };
		81E0BD6A251E4C3D00543306 /* LaunchScreen.storyboard in Resources */ = {isa = PBXBuildFile; fileRef = 81E0BD68251E4C3D00543306 /* LaunchScreen.storyboard */; };
		81E0BD75251E4C3D00543306 /* git_trendsTests.swift in Sources */ = {isa = PBXBuildFile; fileRef = 81E0BD74251E4C3D00543306 /* git_trendsTests.swift */; };
		81E0BD80251E4C3D00543306 /* git_trendsUITests.swift in Sources */ = {isa = PBXBuildFile; fileRef = 81E0BD7F251E4C3D00543306 /* git_trendsUITests.swift */; };
		81E0BD9D251E4CDF00543306 /* GitTrendingRowCell.swift in Sources */ = {isa = PBXBuildFile; fileRef = 81E0BD91251E4CDF00543306 /* GitTrendingRowCell.swift */; };
		81E0BD9E251E4CDF00543306 /* GitTrendingActionlistener.swift in Sources */ = {isa = PBXBuildFile; fileRef = 81E0BD92251E4CDF00543306 /* GitTrendingActionlistener.swift */; };
		81E0BD9F251E4CDF00543306 /* GitTrendingAdapter.swift in Sources */ = {isa = PBXBuildFile; fileRef = 81E0BD93251E4CDF00543306 /* GitTrendingAdapter.swift */; };
		81E0BDA0251E4CDF00543306 /* GitTrendingNavigator.swift in Sources */ = {isa = PBXBuildFile; fileRef = 81E0BD94251E4CDF00543306 /* GitTrendingNavigator.swift */; };
		81E0BDA1251E4CDF00543306 /* GitTrendingViewModelFactory.swift in Sources */ = {isa = PBXBuildFile; fileRef = 81E0BD95251E4CDF00543306 /* GitTrendingViewModelFactory.swift */; };
		81E0BDA2251E4CDF00543306 /* GitTrendingModel.swift in Sources */ = {isa = PBXBuildFile; fileRef = 81E0BD96251E4CDF00543306 /* GitTrendingModel.swift */; };
		81E0BDA3251E4CDF00543306 /* GitTrendingPresenter.swift in Sources */ = {isa = PBXBuildFile; fileRef = 81E0BD97251E4CDF00543306 /* GitTrendingPresenter.swift */; };
		81E0BDA4251E4CDF00543306 /* GitTrendingViewModel.swift in Sources */ = {isa = PBXBuildFile; fileRef = 81E0BD98251E4CDF00543306 /* GitTrendingViewModel.swift */; };
		81E0BDA5251E4CDF00543306 /* GitTrendingCellFactory.swift in Sources */ = {isa = PBXBuildFile; fileRef = 81E0BD99251E4CDF00543306 /* GitTrendingCellFactory.swift */; };
		81E0BDA6251E4CDF00543306 /* GitTrendingView.swift in Sources */ = {isa = PBXBuildFile; fileRef = 81E0BD9A251E4CDF00543306 /* GitTrendingView.swift */; };
		81E0BDA7251E4CDF00543306 /* UIView+Extension.swift in Sources */ = {isa = PBXBuildFile; fileRef = 81E0BD9C251E4CDF00543306 /* UIView+Extension.swift */; };
/* End PBXBuildFile section */

/* Begin PBXContainerItemProxy section */
		81E0BD71251E4C3D00543306 /* PBXContainerItemProxy */ = {
			isa = PBXContainerItemProxy;
			containerPortal = 81E0BD52251E4C3B00543306 /* Project object */;
			proxyType = 1;
			remoteGlobalIDString = 81E0BD59251E4C3B00543306;
			remoteInfo = "git-trends";
		};
		81E0BD7C251E4C3D00543306 /* PBXContainerItemProxy */ = {
			isa = PBXContainerItemProxy;
			containerPortal = 81E0BD52251E4C3B00543306 /* Project object */;
			proxyType = 1;
			remoteGlobalIDString = 81E0BD59251E4C3B00543306;
			remoteInfo = "git-trends";
		};
/* End PBXContainerItemProxy section */

/* Begin PBXFileReference section */
		81E0BD5A251E4C3B00543306 /* git-trends.app */ = {isa = PBXFileReference; explicitFileType = wrapper.application; includeInIndex = 0; path = "git-trends.app"; sourceTree = BUILT_PRODUCTS_DIR; };
		81E0BD5D251E4C3B00543306 /* AppDelegate.swift */ = {isa = PBXFileReference; lastKnownFileType = sourcecode.swift; path = AppDelegate.swift; sourceTree = "<group>"; };
		81E0BD5F251E4C3B00543306 /* SceneDelegate.swift */ = {isa = PBXFileReference; lastKnownFileType = sourcecode.swift; path = SceneDelegate.swift; sourceTree = "<group>"; };
		81E0BD61251E4C3B00543306 /* ViewController.swift */ = {isa = PBXFileReference; lastKnownFileType = sourcecode.swift; path = ViewController.swift; sourceTree = "<group>"; };
		81E0BD64251E4C3B00543306 /* Base */ = {isa = PBXFileReference; lastKnownFileType = file.storyboard; name = Base; path = Base.lproj/Main.storyboard; sourceTree = "<group>"; };
		81E0BD66251E4C3D00543306 /* Assets.xcassets */ = {isa = PBXFileReference; lastKnownFileType = folder.assetcatalog; path = Assets.xcassets; sourceTree = "<group>"; };
		81E0BD69251E4C3D00543306 /* Base */ = {isa = PBXFileReference; lastKnownFileType = file.storyboard; name = Base; path = Base.lproj/LaunchScreen.storyboard; sourceTree = "<group>"; };
		81E0BD6B251E4C3D00543306 /* Info.plist */ = {isa = PBXFileReference; lastKnownFileType = text.plist.xml; path = Info.plist; sourceTree = "<group>"; };
		81E0BD70251E4C3D00543306 /* git-trendsTests.xctest */ = {isa = PBXFileReference; explicitFileType = wrapper.cfbundle; includeInIndex = 0; path = "git-trendsTests.xctest"; sourceTree = BUILT_PRODUCTS_DIR; };
		81E0BD74251E4C3D00543306 /* git_trendsTests.swift */ = {isa = PBXFileReference; lastKnownFileType = sourcecode.swift; path = git_trendsTests.swift; sourceTree = "<group>"; };
		81E0BD76251E4C3D00543306 /* Info.plist */ = {isa = PBXFileReference; lastKnownFileType = text.plist.xml; path = Info.plist; sourceTree = "<group>"; };
		81E0BD7B251E4C3D00543306 /* git-trendsUITests.xctest */ = {isa = PBXFileReference; explicitFileType = wrapper.cfbundle; includeInIndex = 0; path = "git-trendsUITests.xctest"; sourceTree = BUILT_PRODUCTS_DIR; };
		81E0BD7F251E4C3D00543306 /* git_trendsUITests.swift */ = {isa = PBXFileReference; lastKnownFileType = sourcecode.swift; path = git_trendsUITests.swift; sourceTree = "<group>"; };
		81E0BD81251E4C3D00543306 /* Info.plist */ = {isa = PBXFileReference; lastKnownFileType = text.plist.xml; path = Info.plist; sourceTree = "<group>"; };
		81E0BD91251E4CDF00543306 /* GitTrendingRowCell.swift */ = {isa = PBXFileReference; fileEncoding = 4; lastKnownFileType = sourcecode.swift; path = GitTrendingRowCell.swift; sourceTree = "<group>"; };
		81E0BD92251E4CDF00543306 /* GitTrendingActionlistener.swift */ = {isa = PBXFileReference; fileEncoding = 4; lastKnownFileType = sourcecode.swift; path = GitTrendingActionlistener.swift; sourceTree = "<group>"; };
		81E0BD93251E4CDF00543306 /* GitTrendingAdapter.swift */ = {isa = PBXFileReference; fileEncoding = 4; lastKnownFileType = sourcecode.swift; path = GitTrendingAdapter.swift; sourceTree = "<group>"; };
		81E0BD94251E4CDF00543306 /* GitTrendingNavigator.swift */ = {isa = PBXFileReference; fileEncoding = 4; lastKnownFileType = sourcecode.swift; path = GitTrendingNavigator.swift; sourceTree = "<group>"; };
		81E0BD95251E4CDF00543306 /* GitTrendingViewModelFactory.swift */ = {isa = PBXFileReference; fileEncoding = 4; lastKnownFileType = sourcecode.swift; path = GitTrendingViewModelFactory.swift; sourceTree = "<group>"; };
		81E0BD96251E4CDF00543306 /* GitTrendingModel.swift */ = {isa = PBXFileReference; fileEncoding = 4; lastKnownFileType = sourcecode.swift; path = GitTrendingModel.swift; sourceTree = "<group>"; };
		81E0BD97251E4CDF00543306 /* GitTrendingPresenter.swift */ = {isa = PBXFileReference; fileEncoding = 4; lastKnownFileType = sourcecode.swift; path = GitTrendingPresenter.swift; sourceTree = "<group>"; };
		81E0BD98251E4CDF00543306 /* GitTrendingViewModel.swift */ = {isa = PBXFileReference; fileEncoding = 4; lastKnownFileType = sourcecode.swift; path = GitTrendingViewModel.swift; sourceTree = "<group>"; };
		81E0BD99251E4CDF00543306 /* GitTrendingCellFactory.swift */ = {isa = PBXFileReference; fileEncoding = 4; lastKnownFileType = sourcecode.swift; path = GitTrendingCellFactory.swift; sourceTree = "<group>"; };
		81E0BD9A251E4CDF00543306 /* GitTrendingView.swift */ = {isa = PBXFileReference; fileEncoding = 4; lastKnownFileType = sourcecode.swift; path = GitTrendingView.swift; sourceTree = "<group>"; };
		81E0BD9C251E4CDF00543306 /* UIView+Extension.swift */ = {isa = PBXFileReference; fileEncoding = 4; lastKnownFileType = sourcecode.swift; path = "UIView+Extension.swift"; sourceTree = "<group>"; };
/* End PBXFileReference section */

/* Begin PBXFrameworksBuildPhase section */
		81E0BD57251E4C3B00543306 /* Frameworks */ = {
			isa = PBXFrameworksBuildPhase;
			buildActionMask = 2147483647;
			files = (
			);
			runOnlyForDeploymentPostprocessing = 0;
		};
		81E0BD6D251E4C3D00543306 /* Frameworks */ = {
			isa = PBXFrameworksBuildPhase;
			buildActionMask = 2147483647;
			files = (
			);
			runOnlyForDeploymentPostprocessing = 0;
		};
		81E0BD78251E4C3D00543306 /* Frameworks */ = {
			isa = PBXFrameworksBuildPhase;
			buildActionMask = 2147483647;
			files = (
			);
			runOnlyForDeploymentPostprocessing = 0;
		};
/* End PBXFrameworksBuildPhase section */

/* Begin PBXGroup section */
		81E0BD51251E4C3B00543306 = {
			isa = PBXGroup;
			children = (
				81E0BD5C251E4C3B00543306 /* git-trends */,
				81E0BD73251E4C3D00543306 /* git-trendsTests */,
				81E0BD7E251E4C3D00543306 /* git-trendsUITests */,
				81E0BD5B251E4C3B00543306 /* Products */,
			);
			sourceTree = "<group>";
		};
		81E0BD5B251E4C3B00543306 /* Products */ = {
			isa = PBXGroup;
			children = (
				81E0BD5A251E4C3B00543306 /* git-trends.app */,
				81E0BD70251E4C3D00543306 /* git-trendsTests.xctest */,
				81E0BD7B251E4C3D00543306 /* git-trendsUITests.xctest */,
			);
			name = Products;
			sourceTree = "<group>";
		};
		81E0BD5C251E4C3B00543306 /* git-trends */ = {
			isa = PBXGroup;
			children = (
				81E0BD5D251E4C3B00543306 /* AppDelegate.swift */,
				81E0BD5F251E4C3B00543306 /* SceneDelegate.swift */,
				81E0BD61251E4C3B00543306 /* ViewController.swift */,
				81E0BD63251E4C3B00543306 /* Main.storyboard */,
				81E0BD66251E4C3D00543306 /* Assets.xcassets */,
				81E0BD68251E4C3D00543306 /* LaunchScreen.storyboard */,
				81E0BD6B251E4C3D00543306 /* Info.plist */,
				81E0BD9B251E4CDF00543306 /* Extensions */,
				81E0BD90251E4CDF00543306 /* Git-Trends */,
			);
			path = "git-trends";
			sourceTree = "<group>";
		};
		81E0BD73251E4C3D00543306 /* git-trendsTests */ = {
			isa = PBXGroup;
			children = (
				81E0BD74251E4C3D00543306 /* git_trendsTests.swift */,
				81E0BD76251E4C3D00543306 /* Info.plist */,
			);
			path = "git-trendsTests";
			sourceTree = "<group>";
		};
		81E0BD7E251E4C3D00543306 /* git-trendsUITests */ = {
			isa = PBXGroup;
			children = (
				81E0BD7F251E4C3D00543306 /* git_trendsUITests.swift */,
				81E0BD81251E4C3D00543306 /* Info.plist */,
			);
			path = "git-trendsUITests";
			sourceTree = "<group>";
		};
		81E0BD90251E4CDF00543306 /* Git-Trends */ = {
			isa = PBXGroup;
			children = (
				81E0BD91251E4CDF00543306 /* GitTrendingRowCell.swift */,
				81E0BD92251E4CDF00543306 /* GitTrendingActionlistener.swift */,
				81E0BD93251E4CDF00543306 /* GitTrendingAdapter.swift */,
				81E0BD94251E4CDF00543306 /* GitTrendingNavigator.swift */,
				81E0BD95251E4CDF00543306 /* GitTrendingViewModelFactory.swift */,
				81E0BD96251E4CDF00543306 /* GitTrendingModel.swift */,
				81E0BD97251E4CDF00543306 /* GitTrendingPresenter.swift */,
				81E0BD98251E4CDF00543306 /* GitTrendingViewModel.swift */,
				81E0BD99251E4CDF00543306 /* GitTrendingCellFactory.swift */,
				81E0BD9A251E4CDF00543306 /* GitTrendingView.swift */,
			);
			path = "Git-Trends";
			sourceTree = "<group>";
		};
		81E0BD9B251E4CDF00543306 /* Extensions */ = {
			isa = PBXGroup;
			children = (
				81E0BD9C251E4CDF00543306 /* UIView+Extension.swift */,
			);
			path = Extensions;
			sourceTree = "<group>";
		};
/* End PBXGroup section */

/* Begin PBXNativeTarget section */
		81E0BD59251E4C3B00543306 /* git-trends */ = {
			isa = PBXNativeTarget;
			buildConfigurationList = 81E0BD84251E4C3D00543306 /* Build configuration list for PBXNativeTarget "git-trends" */;
			buildPhases = (
				81E0BD56251E4C3B00543306 /* Sources */,
				81E0BD57251E4C3B00543306 /* Frameworks */,
				81E0BD58251E4C3B00543306 /* Resources */,
			);
			buildRules = (
			);
			dependencies = (
			);
			name = "git-trends";
			productName = "git-trends";
			productReference = 81E0BD5A251E4C3B00543306 /* git-trends.app */;
			productType = "com.apple.product-type.application";
		};
		81E0BD6F251E4C3D00543306 /* git-trendsTests */ = {
			isa = PBXNativeTarget;
			buildConfigurationList = 81E0BD87251E4C3D00543306 /* Build configuration list for PBXNativeTarget "git-trendsTests" */;
			buildPhases = (
				81E0BD6C251E4C3D00543306 /* Sources */,
				81E0BD6D251E4C3D00543306 /* Frameworks */,
				81E0BD6E251E4C3D00543306 /* Resources */,
			);
			buildRules = (
			);
			dependencies = (
				81E0BD72251E4C3D00543306 /* PBXTargetDependency */,
			);
			name = "git-trendsTests";
			productName = "git-trendsTests";
			productReference = 81E0BD70251E4C3D00543306 /* git-trendsTests.xctest */;
			productType = "com.apple.product-type.bundle.unit-test";
		};
		81E0BD7A251E4C3D00543306 /* git-trendsUITests */ = {
			isa = PBXNativeTarget;
			buildConfigurationList = 81E0BD8A251E4C3D00543306 /* Build configuration list for PBXNativeTarget "git-trendsUITests" */;
			buildPhases = (
				81E0BD77251E4C3D00543306 /* Sources */,
				81E0BD78251E4C3D00543306 /* Frameworks */,
				81E0BD79251E4C3D00543306 /* Resources */,
			);
			buildRules = (
			);
			dependencies = (
				81E0BD7D251E4C3D00543306 /* PBXTargetDependency */,
			);
			name = "git-trendsUITests";
			productName = "git-trendsUITests";
			productReference = 81E0BD7B251E4C3D00543306 /* git-trendsUITests.xctest */;
			productType = "com.apple.product-type.bundle.ui-testing";
		};
/* End PBXNativeTarget section */

/* Begin PBXProject section */
		81E0BD52251E4C3B00543306 /* Project object */ = {
			isa = PBXProject;
			attributes = {
				LastSwiftUpdateCheck = 1200;
				LastUpgradeCheck = 1200;
				TargetAttributes = {
					81E0BD59251E4C3B00543306 = {
						CreatedOnToolsVersion = 12.0;
					};
					81E0BD6F251E4C3D00543306 = {
						CreatedOnToolsVersion = 12.0;
						TestTargetID = 81E0BD59251E4C3B00543306;
					};
					81E0BD7A251E4C3D00543306 = {
						CreatedOnToolsVersion = 12.0;
						TestTargetID = 81E0BD59251E4C3B00543306;
					};
				};
			};
			buildConfigurationList = 81E0BD55251E4C3B00543306 /* Build configuration list for PBXProject "git-trends" */;
			compatibilityVersion = "Xcode 9.3";
			developmentRegion = en;
			hasScannedForEncodings = 0;
			knownRegions = (
				en,
				Base,
			);
			mainGroup = 81E0BD51251E4C3B00543306;
			productRefGroup = 81E0BD5B251E4C3B00543306 /* Products */;
			projectDirPath = "";
			projectRoot = "";
			targets = (
				81E0BD59251E4C3B00543306 /* git-trends */,
				81E0BD6F251E4C3D00543306 /* git-trendsTests */,
				81E0BD7A251E4C3D00543306 /* git-trendsUITests */,
			);
		};
/* End PBXProject section */

/* Begin PBXResourcesBuildPhase section */
		81E0BD58251E4C3B00543306 /* Resources */ = {
			isa = PBXResourcesBuildPhase;
			buildActionMask = 2147483647;
			files = (
				81E0BD6A251E4C3D00543306 /* LaunchScreen.storyboard in Resources */,
				81E0BD67251E4C3D00543306 /* Assets.xcassets in Resources */,
				81E0BD65251E4C3B00543306 /* Main.storyboard in Resources */,
			);
			runOnlyForDeploymentPostprocessing = 0;
		};
		81E0BD6E251E4C3D00543306 /* Resources */ = {
			isa = PBXResourcesBuildPhase;
			buildActionMask = 2147483647;
			files = (
			);
			runOnlyForDeploymentPostprocessing = 0;
		};
		81E0BD79251E4C3D00543306 /* Resources */ = {
			isa = PBXResourcesBuildPhase;
			buildActionMask = 2147483647;
			files = (
			);
			runOnlyForDeploymentPostprocessing = 0;
		};
/* End PBXResourcesBuildPhase section */

/* Begin PBXSourcesBuildPhase section */
		81E0BD56251E4C3B00543306 /* Sources */ = {
			isa = PBXSourcesBuildPhase;
			buildActionMask = 2147483647;
			files = (
				81E0BD62251E4C3B00543306 /* ViewController.swift in Sources */,
				81E0BDA4251E4CDF00543306 /* GitTrendingViewModel.swift in Sources */,
				81E0BDA5251E4CDF00543306 /* GitTrendingCellFactory.swift in Sources */,
				81E0BD5E251E4C3B00543306 /* AppDelegate.swift in Sources */,
				81E0BD9E251E4CDF00543306 /* GitTrendingActionlistener.swift in Sources */,
				81E0BD9F251E4CDF00543306 /* GitTrendingAdapter.swift in Sources */,
				81E0BDA3251E4CDF00543306 /* GitTrendingPresenter.swift in Sources */,
				81E0BD9D251E4CDF00543306 /* GitTrendingRowCell.swift in Sources */,
				81E0BDA7251E4CDF00543306 /* UIView+Extension.swift in Sources */,
				81E0BDA1251E4CDF00543306 /* GitTrendingViewModelFactory.swift in Sources */,
				81E0BDA6251E4CDF00543306 /* GitTrendingView.swift in Sources */,
				81E0BDA2251E4CDF00543306 /* GitTrendingModel.swift in Sources */,
				81E0BDA0251E4CDF00543306 /* GitTrendingNavigator.swift in Sources */,
				81E0BD60251E4C3B00543306 /* SceneDelegate.swift in Sources */,
			);
			runOnlyForDeploymentPostprocessing = 0;
		};
		81E0BD6C251E4C3D00543306 /* Sources */ = {
			isa = PBXSourcesBuildPhase;
			buildActionMask = 2147483647;
			files = (
				81E0BD75251E4C3D00543306 /* git_trendsTests.swift in Sources */,
			);
			runOnlyForDeploymentPostprocessing = 0;
		};
		81E0BD77251E4C3D00543306 /* Sources */ = {
			isa = PBXSourcesBuildPhase;
			buildActionMask = 2147483647;
			files = (
				81E0BD80251E4C3D00543306 /* git_trendsUITests.swift in Sources */,
			);
			runOnlyForDeploymentPostprocessing = 0;
		};
/* End PBXSourcesBuildPhase section */

/* Begin PBXTargetDependency section */
		81E0BD72251E4C3D00543306 /* PBXTargetDependency */ = {
			isa = PBXTargetDependency;
			target = 81E0BD59251E4C3B00543306 /* git-trends */;
			targetProxy = 81E0BD71251E4C3D00543306 /* PBXContainerItemProxy */;
		};
		81E0BD7D251E4C3D00543306 /* PBXTargetDependency */ = {
			isa = PBXTargetDependency;
			target = 81E0BD59251E4C3B00543306 /* git-trends */;
			targetProxy = 81E0BD7C251E4C3D00543306 /* PBXContainerItemProxy */;
		};
/* End PBXTargetDependency section */

/* Begin PBXVariantGroup section */
		81E0BD63251E4C3B00543306 /* Main.storyboard */ = {
			isa = PBXVariantGroup;
			children = (
				81E0BD64251E4C3B00543306 /* Base */,
			);
			name = Main.storyboard;
			sourceTree = "<group>";
		};
		81E0BD68251E4C3D00543306 /* LaunchScreen.storyboard */ = {
			isa = PBXVariantGroup;
			children = (
				81E0BD69251E4C3D00543306 /* Base */,
			);
			name = LaunchScreen.storyboard;
			sourceTree = "<group>";
		};
/* End PBXVariantGroup section */

/* Begin XCBuildConfiguration section */
		81E0BD82251E4C3D00543306 /* Debug */ = {
			isa = XCBuildConfiguration;
			buildSettings = {
				ALWAYS_SEARCH_USER_PATHS = NO;
				CLANG_ANALYZER_NONNULL = YES;
				CLANG_ANALYZER_NUMBER_OBJECT_CONVERSION = YES_AGGRESSIVE;
				CLANG_CXX_LANGUAGE_STANDARD = "gnu++14";
				CLANG_CXX_LIBRARY = "libc++";
				CLANG_ENABLE_MODULES = YES;
				CLANG_ENABLE_OBJC_ARC = YES;
				CLANG_ENABLE_OBJC_WEAK = YES;
				CLANG_WARN_BLOCK_CAPTURE_AUTORELEASING = YES;
				CLANG_WARN_BOOL_CONVERSION = YES;
				CLANG_WARN_COMMA = YES;
				CLANG_WARN_CONSTANT_CONVERSION = YES;
				CLANG_WARN_DEPRECATED_OBJC_IMPLEMENTATIONS = YES;
				CLANG_WARN_DIRECT_OBJC_ISA_USAGE = YES_ERROR;
				CLANG_WARN_DOCUMENTATION_COMMENTS = YES;
				CLANG_WARN_EMPTY_BODY = YES;
				CLANG_WARN_ENUM_CONVERSION = YES;
				CLANG_WARN_INFINITE_RECURSION = YES;
				CLANG_WARN_INT_CONVERSION = YES;
				CLANG_WARN_NON_LITERAL_NULL_CONVERSION = YES;
				CLANG_WARN_OBJC_IMPLICIT_RETAIN_SELF = YES;
				CLANG_WARN_OBJC_LITERAL_CONVERSION = YES;
				CLANG_WARN_OBJC_ROOT_CLASS = YES_ERROR;
				CLANG_WARN_QUOTED_INCLUDE_IN_FRAMEWORK_HEADER = YES;
				CLANG_WARN_RANGE_LOOP_ANALYSIS = YES;
				CLANG_WARN_STRICT_PROTOTYPES = YES;
				CLANG_WARN_SUSPICIOUS_MOVE = YES;
				CLANG_WARN_UNGUARDED_AVAILABILITY = YES_AGGRESSIVE;
				CLANG_WARN_UNREACHABLE_CODE = YES;
				CLANG_WARN__DUPLICATE_METHOD_MATCH = YES;
				COPY_PHASE_STRIP = NO;
				DEBUG_INFORMATION_FORMAT = dwarf;
				ENABLE_STRICT_OBJC_MSGSEND = YES;
				ENABLE_TESTABILITY = YES;
				GCC_C_LANGUAGE_STANDARD = gnu11;
				GCC_DYNAMIC_NO_PIC = NO;
				GCC_NO_COMMON_BLOCKS = YES;
				GCC_OPTIMIZATION_LEVEL = 0;
				GCC_PREPROCESSOR_DEFINITIONS = (
					"DEBUG=1",
					"$(inherited)",
				);
				GCC_WARN_64_TO_32_BIT_CONVERSION = YES;
				GCC_WARN_ABOUT_RETURN_TYPE = YES_ERROR;
				GCC_WARN_UNDECLARED_SELECTOR = YES;
				GCC_WARN_UNINITIALIZED_AUTOS = YES_AGGRESSIVE;
				GCC_WARN_UNUSED_FUNCTION = YES;
				GCC_WARN_UNUSED_VARIABLE = YES;
				IPHONEOS_DEPLOYMENT_TARGET = 14.0;
				MTL_ENABLE_DEBUG_INFO = INCLUDE_SOURCE;
				MTL_FAST_MATH = YES;
				ONLY_ACTIVE_ARCH = YES;
				SDKROOT = iphoneos;
				SWIFT_ACTIVE_COMPILATION_CONDITIONS = DEBUG;
				SWIFT_OPTIMIZATION_LEVEL = "-Onone";
			};
			name = Debug;
		};
		81E0BD83251E4C3D00543306 /* Release */ = {
			isa = XCBuildConfiguration;
			buildSettings = {
				ALWAYS_SEARCH_USER_PATHS = NO;
				CLANG_ANALYZER_NONNULL = YES;
				CLANG_ANALYZER_NUMBER_OBJECT_CONVERSION = YES_AGGRESSIVE;
				CLANG_CXX_LANGUAGE_STANDARD = "gnu++14";
				CLANG_CXX_LIBRARY = "libc++";
				CLANG_ENABLE_MODULES = YES;
				CLANG_ENABLE_OBJC_ARC = YES;
				CLANG_ENABLE_OBJC_WEAK = YES;
				CLANG_WARN_BLOCK_CAPTURE_AUTORELEASING = YES;
				CLANG_WARN_BOOL_CONVERSION = YES;
				CLANG_WARN_COMMA = YES;
				CLANG_WARN_CONSTANT_CONVERSION = YES;
				CLANG_WARN_DEPRECATED_OBJC_IMPLEMENTATIONS = YES;
				CLANG_WARN_DIRECT_OBJC_ISA_USAGE = YES_ERROR;
				CLANG_WARN_DOCUMENTATION_COMMENTS = YES;
				CLANG_WARN_EMPTY_BODY = YES;
				CLANG_WARN_ENUM_CONVERSION = YES;
				CLANG_WARN_INFINITE_RECURSION = YES;
				CLANG_WARN_INT_CONVERSION = YES;
				CLANG_WARN_NON_LITERAL_NULL_CONVERSION = YES;
				CLANG_WARN_OBJC_IMPLICIT_RETAIN_SELF = YES;
				CLANG_WARN_OBJC_LITERAL_CONVERSION = YES;
				CLANG_WARN_OBJC_ROOT_CLASS = YES_ERROR;
				CLANG_WARN_QUOTED_INCLUDE_IN_FRAMEWORK_HEADER = YES;
				CLANG_WARN_RANGE_LOOP_ANALYSIS = YES;
				CLANG_WARN_STRICT_PROTOTYPES = YES;
				CLANG_WARN_SUSPICIOUS_MOVE = YES;
				CLANG_WARN_UNGUARDED_AVAILABILITY = YES_AGGRESSIVE;
				CLANG_WARN_UNREACHABLE_CODE = YES;
				CLANG_WARN__DUPLICATE_METHOD_MATCH = YES;
				COPY_PHASE_STRIP = NO;
				DEBUG_INFORMATION_FORMAT = "dwarf-with-dsym";
				ENABLE_NS_ASSERTIONS = NO;
				ENABLE_STRICT_OBJC_MSGSEND = YES;
				GCC_C_LANGUAGE_STANDARD = gnu11;
				GCC_NO_COMMON_BLOCKS = YES;
				GCC_WARN_64_TO_32_BIT_CONVERSION = YES;
				GCC_WARN_ABOUT_RETURN_TYPE = YES_ERROR;
				GCC_WARN_UNDECLARED_SELECTOR = YES;
				GCC_WARN_UNINITIALIZED_AUTOS = YES_AGGRESSIVE;
				GCC_WARN_UNUSED_FUNCTION = YES;
				GCC_WARN_UNUSED_VARIABLE = YES;
				IPHONEOS_DEPLOYMENT_TARGET = 14.0;
				MTL_ENABLE_DEBUG_INFO = NO;
				MTL_FAST_MATH = YES;
				SDKROOT = iphoneos;
				SWIFT_COMPILATION_MODE = wholemodule;
				SWIFT_OPTIMIZATION_LEVEL = "-O";
				VALIDATE_PRODUCT = YES;
			};
			name = Release;
		};
		81E0BD85251E4C3D00543306 /* Debug */ = {
			isa = XCBuildConfiguration;
			buildSettings = {
				ASSETCATALOG_COMPILER_APPICON_NAME = AppIcon;
				ASSETCATALOG_COMPILER_GLOBAL_ACCENT_COLOR_NAME = AccentColor;
				CODE_SIGN_STYLE = Automatic;
				INFOPLIST_FILE = "git-trends/Info.plist";
				LD_RUNPATH_SEARCH_PATHS = (
					"$(inherited)",
					"@executable_path/Frameworks",
				);
				PRODUCT_BUNDLE_IDENTIFIER = "normanndot.git-trends";
				PRODUCT_NAME = "$(TARGET_NAME)";
				SWIFT_VERSION = 5.0;
				TARGETED_DEVICE_FAMILY = "1,2";
			};
			name = Debug;
		};
		81E0BD86251E4C3D00543306 /* Release */ = {
			isa = XCBuildConfiguration;
			buildSettings = {
				ASSETCATALOG_COMPILER_APPICON_NAME = AppIcon;
				ASSETCATALOG_COMPILER_GLOBAL_ACCENT_COLOR_NAME = AccentColor;
				CODE_SIGN_STYLE = Automatic;
				INFOPLIST_FILE = "git-trends/Info.plist";
				LD_RUNPATH_SEARCH_PATHS = (
					"$(inherited)",
					"@executable_path/Frameworks",
				);
				PRODUCT_BUNDLE_IDENTIFIER = "normanndot.git-trends";
				PRODUCT_NAME = "$(TARGET_NAME)";
				SWIFT_VERSION = 5.0;
				TARGETED_DEVICE_FAMILY = "1,2";
			};
			name = Release;
		};
		81E0BD88251E4C3D00543306 /* Debug */ = {
			isa = XCBuildConfiguration;
			buildSettings = {
				ALWAYS_EMBED_SWIFT_STANDARD_LIBRARIES = YES;
				BUNDLE_LOADER = "$(TEST_HOST)";
				CODE_SIGN_STYLE = Automatic;
				INFOPLIST_FILE = "git-trendsTests/Info.plist";
				IPHONEOS_DEPLOYMENT_TARGET = 14.0;
				LD_RUNPATH_SEARCH_PATHS = (
					"$(inherited)",
					"@executable_path/Frameworks",
					"@loader_path/Frameworks",
				);
				PRODUCT_BUNDLE_IDENTIFIER = "normanndot.git-trendsTests";
				PRODUCT_NAME = "$(TARGET_NAME)";
				SWIFT_VERSION = 5.0;
				TARGETED_DEVICE_FAMILY = "1,2";
				TEST_HOST = "$(BUILT_PRODUCTS_DIR)/git-trends.app/git-trends";
			};
			name = Debug;
		};
		81E0BD89251E4C3D00543306 /* Release */ = {
			isa = XCBuildConfiguration;
			buildSettings = {
				ALWAYS_EMBED_SWIFT_STANDARD_LIBRARIES = YES;
				BUNDLE_LOADER = "$(TEST_HOST)";
				CODE_SIGN_STYLE = Automatic;
				INFOPLIST_FILE = "git-trendsTests/Info.plist";
				IPHONEOS_DEPLOYMENT_TARGET = 14.0;
				LD_RUNPATH_SEARCH_PATHS = (
					"$(inherited)",
					"@executable_path/Frameworks",
					"@loader_path/Frameworks",
				);
				PRODUCT_BUNDLE_IDENTIFIER = "normanndot.git-trendsTests";
				PRODUCT_NAME = "$(TARGET_NAME)";
				SWIFT_VERSION = 5.0;
				TARGETED_DEVICE_FAMILY = "1,2";
				TEST_HOST = "$(BUILT_PRODUCTS_DIR)/git-trends.app/git-trends";
			};
			name = Release;
		};
		81E0BD8B251E4C3D00543306 /* Debug */ = {
			isa = XCBuildConfiguration;
			buildSettings = {
				ALWAYS_EMBED_SWIFT_STANDARD_LIBRARIES = YES;
				CODE_SIGN_STYLE = Automatic;
				INFOPLIST_FILE = "git-trendsUITests/Info.plist";
				LD_RUNPATH_SEARCH_PATHS = (
					"$(inherited)",
					"@executable_path/Frameworks",
					"@loader_path/Frameworks",
				);
				PRODUCT_BUNDLE_IDENTIFIER = "normanndot.git-trendsUITests";
				PRODUCT_NAME = "$(TARGET_NAME)";
				SWIFT_VERSION = 5.0;
				TARGETED_DEVICE_FAMILY = "1,2";
				TEST_TARGET_NAME = "git-trends";
			};
			name = Debug;
		};
		81E0BD8C251E4C3D00543306 /* Release */ = {
			isa = XCBuildConfiguration;
			buildSettings = {
				ALWAYS_EMBED_SWIFT_STANDARD_LIBRARIES = YES;
				CODE_SIGN_STYLE = Automatic;
				INFOPLIST_FILE = "git-trendsUITests/Info.plist";
				LD_RUNPATH_SEARCH_PATHS = (
					"$(inherited)",
					"@executable_path/Frameworks",
					"@loader_path/Frameworks",
				);
				PRODUCT_BUNDLE_IDENTIFIER = "normanndot.git-trendsUITests";
				PRODUCT_NAME = "$(TARGET_NAME)";
				SWIFT_VERSION = 5.0;
				TARGETED_DEVICE_FAMILY = "1,2";
				TEST_TARGET_NAME = "git-trends";
			};
			name = Release;
		};
/* End XCBuildConfiguration section */

/* Begin XCConfigurationList section */
		81E0BD55251E4C3B00543306 /* Build configuration list for PBXProject "git-trends" */ = {
			isa = XCConfigurationList;
			buildConfigurations = (
				81E0BD82251E4C3D00543306 /* Debug */,
				81E0BD83251E4C3D00543306 /* Release */,
			);
			defaultConfigurationIsVisible = 0;
			defaultConfigurationName = Release;
		};
		81E0BD84251E4C3D00543306 /* Build configuration list for PBXNativeTarget "git-trends" */ = {
			isa = XCConfigurationList;
			buildConfigurations = (
				81E0BD85251E4C3D00543306 /* Debug */,
				81E0BD86251E4C3D00543306 /* Release */,
			);
			defaultConfigurationIsVisible = 0;
			defaultConfigurationName = Release;
		};
		81E0BD87251E4C3D00543306 /* Build configuration list for PBXNativeTarget "git-trendsTests" */ = {
			isa = XCConfigurationList;
			buildConfigurations = (
				81E0BD88251E4C3D00543306 /* Debug */,
				81E0BD89251E4C3D00543306 /* Release */,
			);
			defaultConfigurationIsVisible = 0;
			defaultConfigurationName = Release;
		};
		81E0BD8A251E4C3D00543306 /* Build configuration list for PBXNativeTarget "git-trendsUITests" */ = {
			isa = XCConfigurationList;
			buildConfigurations = (
				81E0BD8B251E4C3D00543306 /* Debug */,
				81E0BD8C251E4C3D00543306 /* Release */,
			);
			defaultConfigurationIsVisible = 0;
			defaultConfigurationName = Release;
		};
/* End XCConfigurationList section */
	};
	rootObject = 81E0BD52251E4C3B00543306 /* Project object */;
}
